// !$*UTF8*$!
{
	archiveVersion = 1;
	classes = {
	};
	objectVersion = 51;
	objects = {

/* Begin PBXBuildFile section */
		0FCD1EB4E950939B5ECF2746 /* Pods_Jamee.framework in Frameworks */ = {isa = PBXBuildFile; fileRef = 6C205509776E642643444D66 /* Pods_Jamee.framework */; };
		2D4D9A762597A589005F51AF /* TabBarViewController.swift in Sources */ = {isa = PBXBuildFile; fileRef = 2D4D9A752597A589005F51AF /* TabBarViewController.swift */; };
		2D4D9A802597A9AB005F51AF /* Color.swift in Sources */ = {isa = PBXBuildFile; fileRef = 2D4D9A7F2597A9AB005F51AF /* Color.swift */; };
		2D4D9A882597ADE9005F51AF /* HomeViewController.swift in Sources */ = {isa = PBXBuildFile; fileRef = 2D4D9A872597ADE9005F51AF /* HomeViewController.swift */; };
		2D8B8FF325985644003CF7AF /* Extension.swift in Sources */ = {isa = PBXBuildFile; fileRef = 2D8B8FF225985644003CF7AF /* Extension.swift */; };
		2D8B8FFB25985C1B003CF7AF /* Deal.swift in Sources */ = {isa = PBXBuildFile; fileRef = 2D8B8FFA25985C1B003CF7AF /* Deal.swift */; };
		2D9AB7C725987B610075D926 /* StoreTableViewController.swift in Sources */ = {isa = PBXBuildFile; fileRef = 2D9AB7C625987B610075D926 /* StoreTableViewController.swift */; };
		2D9AB7CE2598892F0075D926 /* OrderViewController.swift in Sources */ = {isa = PBXBuildFile; fileRef = 2D9AB7CD2598892F0075D926 /* OrderViewController.swift */; };
		2D9AB7D12598D54E0075D926 /* Menu.swift in Sources */ = {isa = PBXBuildFile; fileRef = 2D9AB7D02598D54E0075D926 /* Menu.swift */; };
		2DCA457D25960B7C005F3BBF /* AppDelegate.swift in Sources */ = {isa = PBXBuildFile; fileRef = 2DCA457C25960B7C005F3BBF /* AppDelegate.swift */; };
		2DCA457F25960B7C005F3BBF /* SceneDelegate.swift in Sources */ = {isa = PBXBuildFile; fileRef = 2DCA457E25960B7C005F3BBF /* SceneDelegate.swift */; };
		2DCA458425960B7C005F3BBF /* Main.storyboard in Resources */ = {isa = PBXBuildFile; fileRef = 2DCA458225960B7C005F3BBF /* Main.storyboard */; };
		2DCA458625960B7D005F3BBF /* Assets.xcassets in Resources */ = {isa = PBXBuildFile; fileRef = 2DCA458525960B7D005F3BBF /* Assets.xcassets */; };
		2DCA458925960B7D005F3BBF /* LaunchScreen.storyboard in Resources */ = {isa = PBXBuildFile; fileRef = 2DCA458725960B7D005F3BBF /* LaunchScreen.storyboard */; };
		5CD986D82597B1490006D47B /* MyVoucherViewController.swift in Sources */ = {isa = PBXBuildFile; fileRef = 5CD986D72597B1490006D47B /* MyVoucherViewController.swift */; };
/* End PBXBuildFile section */

/* Begin PBXFileReference section */
		2D4D9A752597A589005F51AF /* TabBarViewController.swift */ = {isa = PBXFileReference; lastKnownFileType = sourcecode.swift; path = TabBarViewController.swift; sourceTree = "<group>"; };
		2D4D9A7F2597A9AB005F51AF /* Color.swift */ = {isa = PBXFileReference; lastKnownFileType = sourcecode.swift; path = Color.swift; sourceTree = "<group>"; };
		2D4D9A872597ADE9005F51AF /* HomeViewController.swift */ = {isa = PBXFileReference; lastKnownFileType = sourcecode.swift; path = HomeViewController.swift; sourceTree = "<group>"; };
		2D8B8FF225985644003CF7AF /* Extension.swift */ = {isa = PBXFileReference; lastKnownFileType = sourcecode.swift; path = Extension.swift; sourceTree = "<group>"; };
		2D8B8FFA25985C1B003CF7AF /* Deal.swift */ = {isa = PBXFileReference; lastKnownFileType = sourcecode.swift; path = Deal.swift; sourceTree = "<group>"; };
		2D9AB7C625987B610075D926 /* StoreTableViewController.swift */ = {isa = PBXFileReference; lastKnownFileType = sourcecode.swift; path = StoreTableViewController.swift; sourceTree = "<group>"; };
		2D9AB7CD2598892F0075D926 /* OrderViewController.swift */ = {isa = PBXFileReference; lastKnownFileType = sourcecode.swift; path = OrderViewController.swift; sourceTree = "<group>"; };
		2D9AB7D02598D54E0075D926 /* Menu.swift */ = {isa = PBXFileReference; lastKnownFileType = sourcecode.swift; path = Menu.swift; sourceTree = "<group>"; };
		2DCA457925960B7C005F3BBF /* Jamee.app */ = {isa = PBXFileReference; explicitFileType = wrapper.application; includeInIndex = 0; path = Jamee.app; sourceTree = BUILT_PRODUCTS_DIR; };
		2DCA457C25960B7C005F3BBF /* AppDelegate.swift */ = {isa = PBXFileReference; lastKnownFileType = sourcecode.swift; path = AppDelegate.swift; sourceTree = "<group>"; };
		2DCA457E25960B7C005F3BBF /* SceneDelegate.swift */ = {isa = PBXFileReference; lastKnownFileType = sourcecode.swift; path = SceneDelegate.swift; sourceTree = "<group>"; };
		2DCA458325960B7C005F3BBF /* Base */ = {isa = PBXFileReference; lastKnownFileType = file.storyboard; name = Base; path = Base.lproj/Main.storyboard; sourceTree = "<group>"; };
		2DCA458525960B7D005F3BBF /* Assets.xcassets */ = {isa = PBXFileReference; lastKnownFileType = folder.assetcatalog; path = Assets.xcassets; sourceTree = "<group>"; };
		2DCA458825960B7D005F3BBF /* Base */ = {isa = PBXFileReference; lastKnownFileType = file.storyboard; name = Base; path = Base.lproj/LaunchScreen.storyboard; sourceTree = "<group>"; };
		2DCA458A25960B7D005F3BBF /* Info.plist */ = {isa = PBXFileReference; lastKnownFileType = text.plist.xml; path = Info.plist; sourceTree = "<group>"; };
		5CD986D72597B1490006D47B /* MyVoucherViewController.swift */ = {isa = PBXFileReference; lastKnownFileType = sourcecode.swift; path = MyVoucherViewController.swift; sourceTree = "<group>"; };
		6C205509776E642643444D66 /* Pods_Jamee.framework */ = {isa = PBXFileReference; explicitFileType = wrapper.framework; includeInIndex = 0; path = Pods_Jamee.framework; sourceTree = BUILT_PRODUCTS_DIR; };
		CDCCCD9CAE015F671D99810D /* Pods-Jamee.debug.xcconfig */ = {isa = PBXFileReference; includeInIndex = 1; lastKnownFileType = text.xcconfig; name = "Pods-Jamee.debug.xcconfig"; path = "Target Support Files/Pods-Jamee/Pods-Jamee.debug.xcconfig"; sourceTree = "<group>"; };
		EF052B9F848C0C3D9F2C08CC /* Pods-Jamee.release.xcconfig */ = {isa = PBXFileReference; includeInIndex = 1; lastKnownFileType = text.xcconfig; name = "Pods-Jamee.release.xcconfig"; path = "Target Support Files/Pods-Jamee/Pods-Jamee.release.xcconfig"; sourceTree = "<group>"; };
/* End PBXFileReference section */

/* Begin PBXFrameworksBuildPhase section */
		2DCA457625960B7C005F3BBF /* Frameworks */ = {
			isa = PBXFrameworksBuildPhase;
			buildActionMask = 2147483647;
			files = (
				0FCD1EB4E950939B5ECF2746 /* Pods_Jamee.framework in Frameworks */,
			);
			runOnlyForDeploymentPostprocessing = 0;
		};
/* End PBXFrameworksBuildPhase section */

/* Begin PBXGroup section */
		2D4D9A782597A598005F51AF /* Controller */ = {
			isa = PBXGroup;
			children = (
				2D4D9A752597A589005F51AF /* TabBarViewController.swift */,
				2D4D9A872597ADE9005F51AF /* HomeViewController.swift */,
				2D9AB7C625987B610075D926 /* StoreTableViewController.swift */,
				2D9AB7CD2598892F0075D926 /* OrderViewController.swift */,
				5CD986D72597B1490006D47B /* MyVoucherViewController.swift */,
			);
			path = Controller;
			sourceTree = "<group>";
		};
		2D4D9A7E2597A968005F51AF /* Utilities */ = {
			isa = PBXGroup;
			children = (
				2D4D9A7F2597A9AB005F51AF /* Color.swift */,
				2D8B8FF225985644003CF7AF /* Extension.swift */,
			);
			path = Utilities;
			sourceTree = "<group>";
		};
		2D8B8FF525985AF3003CF7AF /* Model */ = {
			isa = PBXGroup;
			children = (
				2D8B8FFA25985C1B003CF7AF /* Deal.swift */,
				2D9AB7D02598D54E0075D926 /* Menu.swift */,
			);
			path = Model;
			sourceTree = "<group>";
		};
		2DCA457025960B7C005F3BBF = {
			isa = PBXGroup;
			children = (
				2DCA457B25960B7C005F3BBF /* Jamee */,
				2DCA457A25960B7C005F3BBF /* Products */,
				D891938CAB193B721B24C71C /* Pods */,
				3D1D4976E57BEDDD0C48B4A9 /* Frameworks */,
			);
			sourceTree = "<group>";
		};
		2DCA457A25960B7C005F3BBF /* Products */ = {
			isa = PBXGroup;
			children = (
				2DCA457925960B7C005F3BBF /* Jamee.app */,
			);
			name = Products;
			sourceTree = "<group>";
		};
		2DCA457B25960B7C005F3BBF /* Jamee */ = {
			isa = PBXGroup;
			children = (
				2D8B8FF525985AF3003CF7AF /* Model */,
				2D4D9A7E2597A968005F51AF /* Utilities */,
				2D4D9A782597A598005F51AF /* Controller */,
				2DCA457C25960B7C005F3BBF /* AppDelegate.swift */,
				2DCA457E25960B7C005F3BBF /* SceneDelegate.swift */,
				2DCA458225960B7C005F3BBF /* Main.storyboard */,
				2DCA458525960B7D005F3BBF /* Assets.xcassets */,
				2DCA458725960B7D005F3BBF /* LaunchScreen.storyboard */,
				2DCA458A25960B7D005F3BBF /* Info.plist */,
			);
			path = Jamee;
			sourceTree = "<group>";
		};
		3D1D4976E57BEDDD0C48B4A9 /* Frameworks */ = {
			isa = PBXGroup;
			children = (
				6C205509776E642643444D66 /* Pods_Jamee.framework */,
			);
			name = Frameworks;
			sourceTree = "<group>";
		};
		D891938CAB193B721B24C71C /* Pods */ = {
			isa = PBXGroup;
			children = (
				CDCCCD9CAE015F671D99810D /* Pods-Jamee.debug.xcconfig */,
				EF052B9F848C0C3D9F2C08CC /* Pods-Jamee.release.xcconfig */,
			);
			path = Pods;
			sourceTree = "<group>";
		};
/* End PBXGroup section */

/* Begin PBXNativeTarget section */
		2DCA457825960B7C005F3BBF /* Jamee */ = {
			isa = PBXNativeTarget;
			buildConfigurationList = 2DCA458D25960B7D005F3BBF /* Build configuration list for PBXNativeTarget "Jamee" */;
			buildPhases = (
				A59BBEF521CA79A40579E6A7 /* [CP] Check Pods Manifest.lock */,
				2DCA457525960B7C005F3BBF /* Sources */,
				2DCA457625960B7C005F3BBF /* Frameworks */,
				2DCA457725960B7C005F3BBF /* Resources */,
				00B7F7EB3192D5DB76E7AD47 /* [CP] Embed Pods Frameworks */,
			);
			buildRules = (
			);
			dependencies = (
			);
			name = Jamee;
			productName = Jamee;
			productReference = 2DCA457925960B7C005F3BBF /* Jamee.app */;
			productType = "com.apple.product-type.application";
		};
/* End PBXNativeTarget section */

/* Begin PBXProject section */
		2DCA457125960B7C005F3BBF /* Project object */ = {
			isa = PBXProject;
			attributes = {
				LastSwiftUpdateCheck = 1230;
				LastUpgradeCheck = 1230;
				TargetAttributes = {
					2DCA457825960B7C005F3BBF = {
						CreatedOnToolsVersion = 12.3;
					};
				};
			};
			buildConfigurationList = 2DCA457425960B7C005F3BBF /* Build configuration list for PBXProject "Jamee" */;
			compatibilityVersion = "Xcode 9.3";
			developmentRegion = en;
			hasScannedForEncodings = 0;
			knownRegions = (
				en,
				Base,
			);
			mainGroup = 2DCA457025960B7C005F3BBF;
			productRefGroup = 2DCA457A25960B7C005F3BBF /* Products */;
			projectDirPath = "";
			projectRoot = "";
			targets = (
				2DCA457825960B7C005F3BBF /* Jamee */,
			);
		};
/* End PBXProject section */

/* Begin PBXResourcesBuildPhase section */
		2DCA457725960B7C005F3BBF /* Resources */ = {
			isa = PBXResourcesBuildPhase;
			buildActionMask = 2147483647;
			files = (
				2DCA458925960B7D005F3BBF /* LaunchScreen.storyboard in Resources */,
				2DCA458625960B7D005F3BBF /* Assets.xcassets in Resources */,
				2DCA458425960B7C005F3BBF /* Main.storyboard in Resources */,
			);
			runOnlyForDeploymentPostprocessing = 0;
		};
/* End PBXResourcesBuildPhase section */

/* Begin PBXShellScriptBuildPhase section */
		00B7F7EB3192D5DB76E7AD47 /* [CP] Embed Pods Frameworks */ = {
			isa = PBXShellScriptBuildPhase;
			buildActionMask = 2147483647;
			files = (
			);
			inputFileListPaths = (
				"${PODS_ROOT}/Target Support Files/Pods-Jamee/Pods-Jamee-frameworks-${CONFIGURATION}-input-files.xcfilelist",
			);
			name = "[CP] Embed Pods Frameworks";
			outputFileListPaths = (
				"${PODS_ROOT}/Target Support Files/Pods-Jamee/Pods-Jamee-frameworks-${CONFIGURATION}-output-files.xcfilelist",
			);
			runOnlyForDeploymentPostprocessing = 0;
			shellPath = /bin/sh;
			shellScript = "\"${PODS_ROOT}/Target Support Files/Pods-Jamee/Pods-Jamee-frameworks.sh\"\n";
			showEnvVarsInLog = 0;
		};
		A59BBEF521CA79A40579E6A7 /* [CP] Check Pods Manifest.lock */ = {
			isa = PBXShellScriptBuildPhase;
			buildActionMask = 2147483647;
			files = (
			);
			inputFileListPaths = (
			);
			inputPaths = (
				"${PODS_PODFILE_DIR_PATH}/Podfile.lock",
				"${PODS_ROOT}/Manifest.lock",
			);
			name = "[CP] Check Pods Manifest.lock";
			outputFileListPaths = (
			);
			outputPaths = (
				"$(DERIVED_FILE_DIR)/Pods-Jamee-checkManifestLockResult.txt",
			);
			runOnlyForDeploymentPostprocessing = 0;
			shellPath = /bin/sh;
			shellScript = "diff \"${PODS_PODFILE_DIR_PATH}/Podfile.lock\" \"${PODS_ROOT}/Manifest.lock\" > /dev/null\nif [ $? != 0 ] ; then\n    # print error to STDERR\n    echo \"error: The sandbox is not in sync with the Podfile.lock. Run 'pod install' or update your CocoaPods installation.\" >&2\n    exit 1\nfi\n# This output is used by Xcode 'outputs' to avoid re-running this script phase.\necho \"SUCCESS\" > \"${SCRIPT_OUTPUT_FILE_0}\"\n";
			showEnvVarsInLog = 0;
		};
/* End PBXShellScriptBuildPhase section */

/* Begin PBXSourcesBuildPhase section */
		2DCA457525960B7C005F3BBF /* Sources */ = {
			isa = PBXSourcesBuildPhase;
			buildActionMask = 2147483647;
			files = (
				2D4D9A882597ADE9005F51AF /* HomeViewController.swift in Sources */,
				2D4D9A762597A589005F51AF /* TabBarViewController.swift in Sources */,
				2DCA457D25960B7C005F3BBF /* AppDelegate.swift in Sources */,
				5CD986D82597B1490006D47B /* MyVoucherViewController.swift in Sources */,
				2D8B8FF325985644003CF7AF /* Extension.swift in Sources */,
				2D9AB7D12598D54E0075D926 /* Menu.swift in Sources */,
				2DCA457F25960B7C005F3BBF /* SceneDelegate.swift in Sources */,
				2D9AB7C725987B610075D926 /* StoreTableViewController.swift in Sources */,
				2D4D9A802597A9AB005F51AF /* Color.swift in Sources */,
				2D8B8FFB25985C1B003CF7AF /* Deal.swift in Sources */,
				2D9AB7CE2598892F0075D926 /* OrderViewController.swift in Sources */,
			);
			runOnlyForDeploymentPostprocessing = 0;
		};
/* End PBXSourcesBuildPhase section */

/* Begin PBXVariantGroup section */
		2DCA458225960B7C005F3BBF /* Main.storyboard */ = {
			isa = PBXVariantGroup;
			children = (
				2DCA458325960B7C005F3BBF /* Base */,
			);
			name = Main.storyboard;
			sourceTree = "<group>";
		};
		2DCA458725960B7D005F3BBF /* LaunchScreen.storyboard */ = {
			isa = PBXVariantGroup;
			children = (
				2DCA458825960B7D005F3BBF /* Base */,
			);
			name = LaunchScreen.storyboard;
			sourceTree = "<group>";
		};
/* End PBXVariantGroup section */

/* Begin XCBuildConfiguration section */
		2DCA458B25960B7D005F3BBF /* Debug */ = {
			isa = XCBuildConfiguration;
			buildSettings = {
				ALWAYS_SEARCH_USER_PATHS = NO;
				CLANG_ANALYZER_NONNULL = YES;
				CLANG_ANALYZER_NUMBER_OBJECT_CONVERSION = YES_AGGRESSIVE;
				CLANG_CXX_LANGUAGE_STANDARD = "gnu++14";
				CLANG_CXX_LIBRARY = "libc++";
				CLANG_ENABLE_MODULES = YES;
				CLANG_ENABLE_OBJC_ARC = YES;
				CLANG_ENABLE_OBJC_WEAK = YES;
				CLANG_WARN_BLOCK_CAPTURE_AUTORELEASING = YES;
				CLANG_WARN_BOOL_CONVERSION = YES;
				CLANG_WARN_COMMA = YES;
				CLANG_WARN_CONSTANT_CONVERSION = YES;
				CLANG_WARN_DEPRECATED_OBJC_IMPLEMENTATIONS = YES;
				CLANG_WARN_DIRECT_OBJC_ISA_USAGE = YES_ERROR;
				CLANG_WARN_DOCUMENTATION_COMMENTS = YES;
				CLANG_WARN_EMPTY_BODY = YES;
				CLANG_WARN_ENUM_CONVERSION = YES;
				CLANG_WARN_INFINITE_RECURSION = YES;
				CLANG_WARN_INT_CONVERSION = YES;
				CLANG_WARN_NON_LITERAL_NULL_CONVERSION = YES;
				CLANG_WARN_OBJC_IMPLICIT_RETAIN_SELF = YES;
				CLANG_WARN_OBJC_LITERAL_CONVERSION = YES;
				CLANG_WARN_OBJC_ROOT_CLASS = YES_ERROR;
				CLANG_WARN_QUOTED_INCLUDE_IN_FRAMEWORK_HEADER = YES;
				CLANG_WARN_RANGE_LOOP_ANALYSIS = YES;
				CLANG_WARN_STRICT_PROTOTYPES = YES;
				CLANG_WARN_SUSPICIOUS_MOVE = YES;
				CLANG_WARN_UNGUARDED_AVAILABILITY = YES_AGGRESSIVE;
				CLANG_WARN_UNREACHABLE_CODE = YES;
				CLANG_WARN__DUPLICATE_METHOD_MATCH = YES;
				COPY_PHASE_STRIP = NO;
				DEBUG_INFORMATION_FORMAT = dwarf;
				ENABLE_STRICT_OBJC_MSGSEND = YES;
				ENABLE_TESTABILITY = YES;
				GCC_C_LANGUAGE_STANDARD = gnu11;
				GCC_DYNAMIC_NO_PIC = NO;
				GCC_NO_COMMON_BLOCKS = YES;
				GCC_OPTIMIZATION_LEVEL = 0;
				GCC_PREPROCESSOR_DEFINITIONS = (
					"DEBUG=1",
					"$(inherited)",
				);
				GCC_WARN_64_TO_32_BIT_CONVERSION = YES;
				GCC_WARN_ABOUT_RETURN_TYPE = YES_ERROR;
				GCC_WARN_UNDECLARED_SELECTOR = YES;
				GCC_WARN_UNINITIALIZED_AUTOS = YES_AGGRESSIVE;
				GCC_WARN_UNUSED_FUNCTION = YES;
				GCC_WARN_UNUSED_VARIABLE = YES;
				IPHONEOS_DEPLOYMENT_TARGET = 14.3;
				MTL_ENABLE_DEBUG_INFO = INCLUDE_SOURCE;
				MTL_FAST_MATH = YES;
				ONLY_ACTIVE_ARCH = YES;
				SDKROOT = iphoneos;
				SWIFT_ACTIVE_COMPILATION_CONDITIONS = DEBUG;
				SWIFT_OPTIMIZATION_LEVEL = "-Onone";
			};
			name = Debug;
		};
		2DCA458C25960B7D005F3BBF /* Release */ = {
			isa = XCBuildConfiguration;
			buildSettings = {
				ALWAYS_SEARCH_USER_PATHS = NO;
				CLANG_ANALYZER_NONNULL = YES;
				CLANG_ANALYZER_NUMBER_OBJECT_CONVERSION = YES_AGGRESSIVE;
				CLANG_CXX_LANGUAGE_STANDARD = "gnu++14";
				CLANG_CXX_LIBRARY = "libc++";
				CLANG_ENABLE_MODULES = YES;
				CLANG_ENABLE_OBJC_ARC = YES;
				CLANG_ENABLE_OBJC_WEAK = YES;
				CLANG_WARN_BLOCK_CAPTURE_AUTORELEASING = YES;
				CLANG_WARN_BOOL_CONVERSION = YES;
				CLANG_WARN_COMMA = YES;
				CLANG_WARN_CONSTANT_CONVERSION = YES;
				CLANG_WARN_DEPRECATED_OBJC_IMPLEMENTATIONS = YES;
				CLANG_WARN_DIRECT_OBJC_ISA_USAGE = YES_ERROR;
				CLANG_WARN_DOCUMENTATION_COMMENTS = YES;
				CLANG_WARN_EMPTY_BODY = YES;
				CLANG_WARN_ENUM_CONVERSION = YES;
				CLANG_WARN_INFINITE_RECURSION = YES;
				CLANG_WARN_INT_CONVERSION = YES;
				CLANG_WARN_NON_LITERAL_NULL_CONVERSION = YES;
				CLANG_WARN_OBJC_IMPLICIT_RETAIN_SELF = YES;
				CLANG_WARN_OBJC_LITERAL_CONVERSION = YES;
				CLANG_WARN_OBJC_ROOT_CLASS = YES_ERROR;
				CLANG_WARN_QUOTED_INCLUDE_IN_FRAMEWORK_HEADER = YES;
				CLANG_WARN_RANGE_LOOP_ANALYSIS = YES;
				CLANG_WARN_STRICT_PROTOTYPES = YES;
				CLANG_WARN_SUSPICIOUS_MOVE = YES;
				CLANG_WARN_UNGUARDED_AVAILABILITY = YES_AGGRESSIVE;
				CLANG_WARN_UNREACHABLE_CODE = YES;
				CLANG_WARN__DUPLICATE_METHOD_MATCH = YES;
				COPY_PHASE_STRIP = NO;
				DEBUG_INFORMATION_FORMAT = "dwarf-with-dsym";
				ENABLE_NS_ASSERTIONS = NO;
				ENABLE_STRICT_OBJC_MSGSEND = YES;
				GCC_C_LANGUAGE_STANDARD = gnu11;
				GCC_NO_COMMON_BLOCKS = YES;
				GCC_WARN_64_TO_32_BIT_CONVERSION = YES;
				GCC_WARN_ABOUT_RETURN_TYPE = YES_ERROR;
				GCC_WARN_UNDECLARED_SELECTOR = YES;
				GCC_WARN_UNINITIALIZED_AUTOS = YES_AGGRESSIVE;
				GCC_WARN_UNUSED_FUNCTION = YES;
				GCC_WARN_UNUSED_VARIABLE = YES;
				IPHONEOS_DEPLOYMENT_TARGET = 14.3;
				MTL_ENABLE_DEBUG_INFO = NO;
				MTL_FAST_MATH = YES;
				SDKROOT = iphoneos;
				SWIFT_COMPILATION_MODE = wholemodule;
				SWIFT_OPTIMIZATION_LEVEL = "-O";
				VALIDATE_PRODUCT = YES;
			};
			name = Release;
		};
		2DCA458E25960B7D005F3BBF /* Debug */ = {
			isa = XCBuildConfiguration;
			baseConfigurationReference = CDCCCD9CAE015F671D99810D /* Pods-Jamee.debug.xcconfig */;
			buildSettings = {
				ASSETCATALOG_COMPILER_APPICON_NAME = AppIcon;
				ASSETCATALOG_COMPILER_GLOBAL_ACCENT_COLOR_NAME = AccentColor;
				CODE_SIGN_STYLE = Automatic;
				DEVELOPMENT_TEAM = UD93T2GPM2;
				INFOPLIST_FILE = Jamee/Info.plist;
				LD_RUNPATH_SEARCH_PATHS = (
					"$(inherited)",
					"@executable_path/Frameworks",
				);
				PRODUCT_BUNDLE_IDENTIFIER = sirimiri.Jamee;
				PRODUCT_NAME = "$(TARGET_NAME)";
				SWIFT_VERSION = 5.0;
				TARGETED_DEVICE_FAMILY = "1,2";
			};
			name = Debug;
		};
		2DCA458F25960B7D005F3BBF /* Release */ = {
			isa = XCBuildConfiguration;
			baseConfigurationReference = EF052B9F848C0C3D9F2C08CC /* Pods-Jamee.release.xcconfig */;
			buildSettings = {
				ASSETCATALOG_COMPILER_APPICON_NAME = AppIcon;
				ASSETCATALOG_COMPILER_GLOBAL_ACCENT_COLOR_NAME = AccentColor;
				CODE_SIGN_STYLE = Automatic;
				DEVELOPMENT_TEAM = UD93T2GPM2;
				INFOPLIST_FILE = Jamee/Info.plist;
				LD_RUNPATH_SEARCH_PATHS = (
					"$(inherited)",
					"@executable_path/Frameworks",
				);
				PRODUCT_BUNDLE_IDENTIFIER = sirimiri.Jamee;
				PRODUCT_NAME = "$(TARGET_NAME)";
				SWIFT_VERSION = 5.0;
				TARGETED_DEVICE_FAMILY = "1,2";
			};
			name = Release;
		};
/* End XCBuildConfiguration section */

/* Begin XCConfigurationList section */
		2DCA457425960B7C005F3BBF /* Build configuration list for PBXProject "Jamee" */ = {
			isa = XCConfigurationList;
			buildConfigurations = (
				2DCA458B25960B7D005F3BBF /* Debug */,
				2DCA458C25960B7D005F3BBF /* Release */,
			);
			defaultConfigurationIsVisible = 0;
			defaultConfigurationName = Release;
		};
		2DCA458D25960B7D005F3BBF /* Build configuration list for PBXNativeTarget "Jamee" */ = {
			isa = XCConfigurationList;
			buildConfigurations = (
				2DCA458E25960B7D005F3BBF /* Debug */,
				2DCA458F25960B7D005F3BBF /* Release */,
			);
			defaultConfigurationIsVisible = 0;
			defaultConfigurationName = Release;
		};
/* End XCConfigurationList section */
	};
	rootObject = 2DCA457125960B7C005F3BBF /* Project object */;
}
